
Microsoft Visual Studio Solution File, Format Version 12.00
# Visual Studio 14
VisualStudioVersion = 14.0.24720.0
MinimumVisualStudioVersion = 10.0.40219.1
Project("{FAE04EC0-301F-11D3-BF4B-00C04F79EFBC}") = "premier-league-genetic-algorithm", "premier-league-genetic-algorithm\premier-league-genetic-algorithm.csproj", "{92A25F76-CF8B-47E5-974F-935D86DA208E}"
EndProject
Global
	GlobalSection(SolutionConfigurationPlatforms) = preSolution
		Debug|Any CPU = Debug|Any CPU
		Release|Any CPU = Release|Any CPU
	EndGlobalSection
	GlobalSection(ProjectConfigurationPlatforms) = postSolution
		{92A25F76-CF8B-47E5-974F-935D86DA208E}.Debug|Any CPU.ActiveCfg = Debug|Any CPU
		{92A25F76-CF8B-47E5-974F-935D86DA208E}.Debug|Any CPU.Build.0 = Debug|Any CPU
		{92A25F76-CF8B-47E5-974F-935D86DA208E}.Release|Any CPU.ActiveCfg = Release|Any CPU
		{92A25F76-CF8B-47E5-974F-935D86DA208E}.Release|Any CPU.Build.0 = Release|Any CPU
	EndGlobalSection
	GlobalSection(SolutionProperties) = preSolution
		HideSolutionNode = FALSE
	EndGlobalSection
EndGlobal
